
Microsoft Visual Studio Solution File, Format Version 12.00
# Visual Studio Version 17
VisualStudioVersion = 17.2.32505.173
MinimumVisualStudioVersion = 10.0.40219.1
Project("{9A19103F-16F7-4668-BE54-9A1E7A4F7556}") = "PS.MVVM", "PS.MVVM\PS.MVVM.csproj", "{0868AE84-8854-4954-B1D6-2BD635341E6A}"
EndProject
Project("{9A19103F-16F7-4668-BE54-9A1E7A4F7556}") = "PS.IoC.Autofac", "PS.IoC.Autofac\PS.IoC.Autofac.csproj", "{43BEA357-17A0-4A00-B66D-CD527235A0C4}"
EndProject
Project("{9A19103F-16F7-4668-BE54-9A1E7A4F7556}") = "PS.IoC", "PS.IoC\PS.IoC.csproj", "{4A9F1324-B810-40D7-B989-EB343344728E}"
EndProject
Project("{9A19103F-16F7-4668-BE54-9A1E7A4F7556}") = "PS.Primitives", "PS.Primitives\PS.Primitives.csproj", "{ECA35D4B-E842-4B5B-87A4-38E2A668B4DA}"
EndProject
Project("{9A19103F-16F7-4668-BE54-9A1E7A4F7556}") = "PS.Primitives.Tests", "PS.Primitives.Tests\PS.Primitives.Tests.csproj", "{04698DF1-8A09-40D4-B95E-FFB01382F7F4}"
EndProject
Project("{9A19103F-16F7-4668-BE54-9A1E7A4F7556}") = "PS.WPF", "PS.WPF\PS.WPF.csproj", "{C510177F-99C4-40B7-A0F1-DB7479DF9987}"
EndProject
Project("{9A19103F-16F7-4668-BE54-9A1E7A4F7556}") = "PS.MVVM.WPF", "PS.MVVM.WPF\PS.MVVM.WPF.csproj", "{90E3142E-53EB-4A92-954F-A8B833B87AB2}"
EndProject
Project("{9A19103F-16F7-4668-BE54-9A1E7A4F7556}") = "PS.WPF.Tests", "PS.WPF.Tests\PS.WPF.Tests.csproj", "{96106D68-0829-44CA-8245-B51DA09367A1}"
EndProject
Project("{9A19103F-16F7-4668-BE54-9A1E7A4F7556}") = "PS.Windows.Interop", "PS.Windows.Interop\PS.Windows.Interop.csproj", "{7CA13A48-6529-40E0-BDAF-41853316F889}"
EndProject
Project("{2150E333-8FDC-42A3-9474-1A3956D46DE8}") = "Framework", "Framework", "{F3517323-AE58-42C4-B75C-21F2AE4157C9}"
EndProject
Project("{2150E333-8FDC-42A3-9474-1A3956D46DE8}") = "Examples", "Examples", "{274422CB-0862-4B68-AA97-8B7F8D75E86B}"
EndProject
Project("{2150E333-8FDC-42A3-9474-1A3956D46DE8}") = "Shell", "Shell", "{337E83C8-111F-4FF0-8C9E-0E24FA47D96A}"
EndProject
Project("{9A19103F-16F7-4668-BE54-9A1E7A4F7556}") = "PS.Shell.Infrastructure", "Examples\Shell\PS.Shell.Infrastructure\PS.Shell.Infrastructure.csproj", "{5497709D-3183-4C2B-AD2E-CE47EFA6E5AA}"
EndProject
Project("{9A19103F-16F7-4668-BE54-9A1E7A4F7556}") = "PS.Shell.Module.Diagram", "Examples\Shell\PS.Shell.Module.Diagram\PS.Shell.Module.Diagram.csproj", "{EB10970A-24AA-41D6-91A5-A1D6B7F0F775}"
EndProject
Project("{9A19103F-16F7-4668-BE54-9A1E7A4F7556}") = "PS.Shell", "Examples\Shell\PS.Shell\PS.Shell.csproj", "{2B713D04-06D5-48EC-A570-AE51F51E11E4}"
EndProject
Project("{9A19103F-16F7-4668-BE54-9A1E7A4F7556}") = "PS.Shell.Module.Controls", "Examples\Shell\PS.Shell.Module.Controls\PS.Shell.Module.Controls.csproj", "{6C7C0FDD-223B-422A-A54A-26AE6164415B}"
EndProject
Project("{9A19103F-16F7-4668-BE54-9A1E7A4F7556}") = "PS.Shell.Module.Ribbon", "Examples\Shell\PS.Shell.Module.Ribbon\PS.Shell.Module.Ribbon.csproj", "{4396FFD6-B241-4B13-A586-332A93B6EF01}"
EndProject
Project("{9A19103F-16F7-4668-BE54-9A1E7A4F7556}") = "PS.Shell.Module.NativeControls", "Examples\Shell\PS.Shell.Module.NativeControls\PS.Shell.Module.NativeControls.csproj", "{F436C605-BD39-4C67-9494-EC55AB1BE561}"
EndProject
Project("{2150E333-8FDC-42A3-9474-1A3956D46DE8}") = ".Shared", ".Shared", "{BE7CB99A-9DC0-4E39-8E17-33A8E06B0BE1}"
	ProjectSection(SolutionItems) = preProject
		.Shared\Build.targets = .Shared\Build.targets
		.Shared\Sign.snk = .Shared\Sign.snk
	EndProjectSection
EndProject
Global
	GlobalSection(SolutionConfigurationPlatforms) = preSolution
		Debug|Any CPU = Debug|Any CPU
		Debug|Shell = Debug|Shell
		Release|Any CPU = Release|Any CPU
		Release|Shell = Release|Shell
	EndGlobalSection
	GlobalSection(ProjectConfigurationPlatforms) = postSolution
		{0868AE84-8854-4954-B1D6-2BD635341E6A}.Debug|Any CPU.ActiveCfg = Debug|Any CPU
		{0868AE84-8854-4954-B1D6-2BD635341E6A}.Debug|Any CPU.Build.0 = Debug|Any CPU
		{0868AE84-8854-4954-B1D6-2BD635341E6A}.Debug|Shell.ActiveCfg = Debug|Any CPU
		{0868AE84-8854-4954-B1D6-2BD635341E6A}.Debug|Shell.Build.0 = Debug|Any CPU
		{0868AE84-8854-4954-B1D6-2BD635341E6A}.Release|Any CPU.ActiveCfg = Release|Any CPU
		{0868AE84-8854-4954-B1D6-2BD635341E6A}.Release|Any CPU.Build.0 = Release|Any CPU
		{0868AE84-8854-4954-B1D6-2BD635341E6A}.Release|Shell.ActiveCfg = Release|Any CPU
		{0868AE84-8854-4954-B1D6-2BD635341E6A}.Release|Shell.Build.0 = Release|Any CPU
		{43BEA357-17A0-4A00-B66D-CD527235A0C4}.Debug|Any CPU.ActiveCfg = Debug|Any CPU
		{43BEA357-17A0-4A00-B66D-CD527235A0C4}.Debug|Any CPU.Build.0 = Debug|Any CPU
		{43BEA357-17A0-4A00-B66D-CD527235A0C4}.Debug|Shell.ActiveCfg = Debug|Any CPU
		{43BEA357-17A0-4A00-B66D-CD527235A0C4}.Debug|Shell.Build.0 = Debug|Any CPU
		{43BEA357-17A0-4A00-B66D-CD527235A0C4}.Release|Any CPU.ActiveCfg = Release|Any CPU
		{43BEA357-17A0-4A00-B66D-CD527235A0C4}.Release|Any CPU.Build.0 = Release|Any CPU
		{43BEA357-17A0-4A00-B66D-CD527235A0C4}.Release|Shell.ActiveCfg = Release|Any CPU
		{43BEA357-17A0-4A00-B66D-CD527235A0C4}.Release|Shell.Build.0 = Release|Any CPU
		{4A9F1324-B810-40D7-B989-EB343344728E}.Debug|Any CPU.ActiveCfg = Debug|Any CPU
		{4A9F1324-B810-40D7-B989-EB343344728E}.Debug|Any CPU.Build.0 = Debug|Any CPU
		{4A9F1324-B810-40D7-B989-EB343344728E}.Debug|Shell.ActiveCfg = Debug|Any CPU
		{4A9F1324-B810-40D7-B989-EB343344728E}.Debug|Shell.Build.0 = Debug|Any CPU
		{4A9F1324-B810-40D7-B989-EB343344728E}.Release|Any CPU.ActiveCfg = Release|Any CPU
		{4A9F1324-B810-40D7-B989-EB343344728E}.Release|Any CPU.Build.0 = Release|Any CPU
		{4A9F1324-B810-40D7-B989-EB343344728E}.Release|Shell.ActiveCfg = Release|Any CPU
		{4A9F1324-B810-40D7-B989-EB343344728E}.Release|Shell.Build.0 = Release|Any CPU
		{ECA35D4B-E842-4B5B-87A4-38E2A668B4DA}.Debug|Any CPU.ActiveCfg = Debug|Any CPU
		{ECA35D4B-E842-4B5B-87A4-38E2A668B4DA}.Debug|Any CPU.Build.0 = Debug|Any CPU
		{ECA35D4B-E842-4B5B-87A4-38E2A668B4DA}.Debug|Shell.ActiveCfg = Debug|Any CPU
		{ECA35D4B-E842-4B5B-87A4-38E2A668B4DA}.Debug|Shell.Build.0 = Debug|Any CPU
		{ECA35D4B-E842-4B5B-87A4-38E2A668B4DA}.Release|Any CPU.ActiveCfg = Release|Any CPU
		{ECA35D4B-E842-4B5B-87A4-38E2A668B4DA}.Release|Any CPU.Build.0 = Release|Any CPU
		{ECA35D4B-E842-4B5B-87A4-38E2A668B4DA}.Release|Shell.ActiveCfg = Release|Any CPU
		{ECA35D4B-E842-4B5B-87A4-38E2A668B4DA}.Release|Shell.Build.0 = Release|Any CPU
		{04698DF1-8A09-40D4-B95E-FFB01382F7F4}.Debug|Any CPU.ActiveCfg = Debug|Any CPU
		{04698DF1-8A09-40D4-B95E-FFB01382F7F4}.Debug|Any CPU.Build.0 = Debug|Any CPU
		{04698DF1-8A09-40D4-B95E-FFB01382F7F4}.Debug|Shell.ActiveCfg = Debug|Any CPU
		{04698DF1-8A09-40D4-B95E-FFB01382F7F4}.Release|Any CPU.ActiveCfg = Release|Any CPU
		{04698DF1-8A09-40D4-B95E-FFB01382F7F4}.Release|Any CPU.Build.0 = Release|Any CPU
		{04698DF1-8A09-40D4-B95E-FFB01382F7F4}.Release|Shell.ActiveCfg = Release|Any CPU
		{C510177F-99C4-40B7-A0F1-DB7479DF9987}.Debug|Any CPU.ActiveCfg = Debug|Any CPU
		{C510177F-99C4-40B7-A0F1-DB7479DF9987}.Debug|Any CPU.Build.0 = Debug|Any CPU
		{C510177F-99C4-40B7-A0F1-DB7479DF9987}.Debug|Shell.ActiveCfg = Debug|Any CPU
		{C510177F-99C4-40B7-A0F1-DB7479DF9987}.Debug|Shell.Build.0 = Debug|Any CPU
		{C510177F-99C4-40B7-A0F1-DB7479DF9987}.Release|Any CPU.ActiveCfg = Release|Any CPU
		{C510177F-99C4-40B7-A0F1-DB7479DF9987}.Release|Any CPU.Build.0 = Release|Any CPU
		{C510177F-99C4-40B7-A0F1-DB7479DF9987}.Release|Shell.ActiveCfg = Release|Any CPU
		{C510177F-99C4-40B7-A0F1-DB7479DF9987}.Release|Shell.Build.0 = Release|Any CPU
		{90E3142E-53EB-4A92-954F-A8B833B87AB2}.Debug|Any CPU.ActiveCfg = Debug|Any CPU
		{90E3142E-53EB-4A92-954F-A8B833B87AB2}.Debug|Any CPU.Build.0 = Debug|Any CPU
		{90E3142E-53EB-4A92-954F-A8B833B87AB2}.Debug|Shell.ActiveCfg = Debug|Any CPU
		{90E3142E-53EB-4A92-954F-A8B833B87AB2}.Debug|Shell.Build.0 = Debug|Any CPU
		{90E3142E-53EB-4A92-954F-A8B833B87AB2}.Release|Any CPU.ActiveCfg = Release|Any CPU
		{90E3142E-53EB-4A92-954F-A8B833B87AB2}.Release|Any CPU.Build.0 = Release|Any CPU
		{90E3142E-53EB-4A92-954F-A8B833B87AB2}.Release|Shell.ActiveCfg = Release|Any CPU
		{90E3142E-53EB-4A92-954F-A8B833B87AB2}.Release|Shell.Build.0 = Release|Any CPU
		{96106D68-0829-44CA-8245-B51DA09367A1}.Debug|Any CPU.ActiveCfg = Debug|Any CPU
		{96106D68-0829-44CA-8245-B51DA09367A1}.Debug|Any CPU.Build.0 = Debug|Any CPU
		{96106D68-0829-44CA-8245-B51DA09367A1}.Debug|Shell.ActiveCfg = Debug|Any CPU
		{96106D68-0829-44CA-8245-B51DA09367A1}.Release|Any CPU.ActiveCfg = Release|Any CPU
		{96106D68-0829-44CA-8245-B51DA09367A1}.Release|Any CPU.Build.0 = Release|Any CPU
		{96106D68-0829-44CA-8245-B51DA09367A1}.Release|Shell.ActiveCfg = Release|Any CPU
		{7CA13A48-6529-40E0-BDAF-41853316F889}.Debug|Any CPU.ActiveCfg = Debug|Any CPU
		{7CA13A48-6529-40E0-BDAF-41853316F889}.Debug|Any CPU.Build.0 = Debug|Any CPU
		{7CA13A48-6529-40E0-BDAF-41853316F889}.Debug|Shell.ActiveCfg = Debug|Any CPU
		{7CA13A48-6529-40E0-BDAF-41853316F889}.Debug|Shell.Build.0 = Debug|Any CPU
		{7CA13A48-6529-40E0-BDAF-41853316F889}.Release|Any CPU.ActiveCfg = Release|Any CPU
		{7CA13A48-6529-40E0-BDAF-41853316F889}.Release|Any CPU.Build.0 = Release|Any CPU
		{7CA13A48-6529-40E0-BDAF-41853316F889}.Release|Shell.ActiveCfg = Release|Any CPU
		{7CA13A48-6529-40E0-BDAF-41853316F889}.Release|Shell.Build.0 = Release|Any CPU
		{5497709D-3183-4C2B-AD2E-CE47EFA6E5AA}.Debug|Any CPU.ActiveCfg = Debug|Any CPU
		{5497709D-3183-4C2B-AD2E-CE47EFA6E5AA}.Debug|Shell.ActiveCfg = Debug|Any CPU
		{5497709D-3183-4C2B-AD2E-CE47EFA6E5AA}.Debug|Shell.Build.0 = Debug|Any CPU
		{5497709D-3183-4C2B-AD2E-CE47EFA6E5AA}.Release|Any CPU.ActiveCfg = Release|Any CPU
		{5497709D-3183-4C2B-AD2E-CE47EFA6E5AA}.Release|Shell.ActiveCfg = Release|Any CPU
		{5497709D-3183-4C2B-AD2E-CE47EFA6E5AA}.Release|Shell.Build.0 = Release|Any CPU
		{EB10970A-24AA-41D6-91A5-A1D6B7F0F775}.Debug|Any CPU.ActiveCfg = Debug|Any CPU
		{EB10970A-24AA-41D6-91A5-A1D6B7F0F775}.Debug|Shell.ActiveCfg = Debug|Any CPU
		{EB10970A-24AA-41D6-91A5-A1D6B7F0F775}.Debug|Shell.Build.0 = Debug|Any CPU
		{EB10970A-24AA-41D6-91A5-A1D6B7F0F775}.Release|Any CPU.ActiveCfg = Release|Any CPU
		{EB10970A-24AA-41D6-91A5-A1D6B7F0F775}.Release|Shell.ActiveCfg = Release|Any CPU
		{EB10970A-24AA-41D6-91A5-A1D6B7F0F775}.Release|Shell.Build.0 = Release|Any CPU
		{2B713D04-06D5-48EC-A570-AE51F51E11E4}.Debug|Any CPU.ActiveCfg = Debug|Any CPU
		{2B713D04-06D5-48EC-A570-AE51F51E11E4}.Debug|Shell.ActiveCfg = Debug|Any CPU
		{2B713D04-06D5-48EC-A570-AE51F51E11E4}.Debug|Shell.Build.0 = Debug|Any CPU
		{2B713D04-06D5-48EC-A570-AE51F51E11E4}.Release|Any CPU.ActiveCfg = Release|Any CPU
		{2B713D04-06D5-48EC-A570-AE51F51E11E4}.Release|Shell.ActiveCfg = Release|Any CPU
		{2B713D04-06D5-48EC-A570-AE51F51E11E4}.Release|Shell.Build.0 = Release|Any CPU
		{6C7C0FDD-223B-422A-A54A-26AE6164415B}.Debug|Any CPU.ActiveCfg = Debug|Any CPU
		{6C7C0FDD-223B-422A-A54A-26AE6164415B}.Debug|Shell.ActiveCfg = Debug|Any CPU
		{6C7C0FDD-223B-422A-A54A-26AE6164415B}.Debug|Shell.Build.0 = Debug|Any CPU
		{6C7C0FDD-223B-422A-A54A-26AE6164415B}.Release|Any CPU.ActiveCfg = Release|Any CPU
		{6C7C0FDD-223B-422A-A54A-26AE6164415B}.Release|Shell.ActiveCfg = Release|Any CPU
		{6C7C0FDD-223B-422A-A54A-26AE6164415B}.Release|Shell.Build.0 = Release|Any CPU
		{4396FFD6-B241-4B13-A586-332A93B6EF01}.Debug|Any CPU.ActiveCfg = Debug|Any CPU
		{4396FFD6-B241-4B13-A586-332A93B6EF01}.Debug|Shell.ActiveCfg = Debug|Any CPU
		{4396FFD6-B241-4B13-A586-332A93B6EF01}.Debug|Shell.Build.0 = Debug|Any CPU
		{4396FFD6-B241-4B13-A586-332A93B6EF01}.Release|Any CPU.ActiveCfg = Release|Any CPU
		{4396FFD6-B241-4B13-A586-332A93B6EF01}.Release|Shell.ActiveCfg = Release|Any CPU
		{4396FFD6-B241-4B13-A586-332A93B6EF01}.Release|Shell.Build.0 = Release|Any CPU
		{F436C605-BD39-4C67-9494-EC55AB1BE561}.Debug|Any CPU.ActiveCfg = Debug|Any CPU
		{F436C605-BD39-4C67-9494-EC55AB1BE561}.Debug|Shell.ActiveCfg = Debug|Any CPU
		{F436C605-BD39-4C67-9494-EC55AB1BE561}.Debug|Shell.Build.0 = Debug|Any CPU
		{F436C605-BD39-4C67-9494-EC55AB1BE561}.Release|Any CPU.ActiveCfg = Release|Any CPU
		{F436C605-BD39-4C67-9494-EC55AB1BE561}.Release|Shell.ActiveCfg = Release|Any CPU
		{F436C605-BD39-4C67-9494-EC55AB1BE561}.Release|Shell.Build.0 = Release|Any CPU
	EndGlobalSection
	GlobalSection(SolutionProperties) = preSolution
		HideSolutionNode = FALSE
	EndGlobalSection
	GlobalSection(NestedProjects) = preSolution
		{0868AE84-8854-4954-B1D6-2BD635341E6A} = {F3517323-AE58-42C4-B75C-21F2AE4157C9}
		{43BEA357-17A0-4A00-B66D-CD527235A0C4} = {F3517323-AE58-42C4-B75C-21F2AE4157C9}
		{4A9F1324-B810-40D7-B989-EB343344728E} = {F3517323-AE58-42C4-B75C-21F2AE4157C9}
		{ECA35D4B-E842-4B5B-87A4-38E2A668B4DA} = {F3517323-AE58-42C4-B75C-21F2AE4157C9}
		{04698DF1-8A09-40D4-B95E-FFB01382F7F4} = {F3517323-AE58-42C4-B75C-21F2AE4157C9}
		{C510177F-99C4-40B7-A0F1-DB7479DF9987} = {F3517323-AE58-42C4-B75C-21F2AE4157C9}
		{90E3142E-53EB-4A92-954F-A8B833B87AB2} = {F3517323-AE58-42C4-B75C-21F2AE4157C9}
		{96106D68-0829-44CA-8245-B51DA09367A1} = {F3517323-AE58-42C4-B75C-21F2AE4157C9}
		{7CA13A48-6529-40E0-BDAF-41853316F889} = {F3517323-AE58-42C4-B75C-21F2AE4157C9}
		{337E83C8-111F-4FF0-8C9E-0E24FA47D96A} = {274422CB-0862-4B68-AA97-8B7F8D75E86B}
		{5497709D-3183-4C2B-AD2E-CE47EFA6E5AA} = {337E83C8-111F-4FF0-8C9E-0E24FA47D96A}
		{EB10970A-24AA-41D6-91A5-A1D6B7F0F775} = {337E83C8-111F-4FF0-8C9E-0E24FA47D96A}
		{2B713D04-06D5-48EC-A570-AE51F51E11E4} = {337E83C8-111F-4FF0-8C9E-0E24FA47D96A}
		{6C7C0FDD-223B-422A-A54A-26AE6164415B} = {337E83C8-111F-4FF0-8C9E-0E24FA47D96A}
		{4396FFD6-B241-4B13-A586-332A93B6EF01} = {337E83C8-111F-4FF0-8C9E-0E24FA47D96A}
		{F436C605-BD39-4C67-9494-EC55AB1BE561} = {337E83C8-111F-4FF0-8C9E-0E24FA47D96A}
	EndGlobalSection
	GlobalSection(ExtensibilityGlobals) = postSolution
		SolutionGuid = {0E4506B5-3C43-455A-9C66-759DAF47D1C7}
	EndGlobalSection
EndGlobal
